
Microsoft Visual Studio Solution File, Format Version 11.00
# Visual Studio 2010
Project("{FAE04EC0-301F-11D3-BF4B-00C04F79EFBC}") = "Foundation3MVC4", "Foundation3MVC4\Foundation3MVC4.csproj", "{F6268DFA-6E97-43D9-9C85-D45B06DA8B2A}"
EndProject
Global
	GlobalSection(SolutionConfigurationPlatforms) = preSolution
		Debug|Any CPU = Debug|Any CPU
		Release|Any CPU = Release|Any CPU
	EndGlobalSection
	GlobalSection(ProjectConfigurationPlatforms) = postSolution
		{F6268DFA-6E97-43D9-9C85-D45B06DA8B2A}.Debug|Any CPU.ActiveCfg = Debug|Any CPU
		{F6268DFA-6E97-43D9-9C85-D45B06DA8B2A}.Debug|Any CPU.Build.0 = Debug|Any CPU
		{F6268DFA-6E97-43D9-9C85-D45B06DA8B2A}.Release|Any CPU.ActiveCfg = Release|Any CPU
		{F6268DFA-6E97-43D9-9C85-D45B06DA8B2A}.Release|Any CPU.Build.0 = Release|Any CPU
	EndGlobalSection
	GlobalSection(SolutionProperties) = preSolution
		HideSolutionNode = FALSE
	EndGlobalSection
EndGlobal
